# DRAFT Windows-only companion lock for requirements.lock.
# This is a manually assembled CPython 3.11/win_amd64 wheel-hash record for the
# Windows-only direct dependencies in requirements.txt. It was not generated by
# a successful cross-platform resolver run and has NOT been installed or tested
# on Windows. It is therefore not a release-certified Windows environment.
# Do not use it for deployment until a CPython 3.11/win_amd64 clean-environment
# installation, pip check, test suite, and lock review have succeeded.
comtypes==1.4.16 ; platform_system == "Windows" \
    --hash=sha256:e18d85179ff12955524c5a8c3bc09cb3c0d890f1da4d7123d14244c7b78f84c8
psutil==7.2.2 ; platform_system == "Windows" and platform_machine == "AMD64" \
    --hash=sha256:eb7e81434c8d223ec4a219b5fc1c47d0417b12be7ea866e24fb5ad6e84b3d988
pycaw==20240210 ; platform_system == "Windows" \
    --hash=sha256:fbbe0ee67a7d32714240e26913266a386ae4375778c417a7e8ad6076eca62f1e
pywin32==311 ; platform_system == "Windows" and platform_machine == "AMD64" \
    --hash=sha256:3ce80b34b22b17ccbd937a6e78e7225d80c52f5ab9940fe0506a1a16f3dab503
